// !$*UTF8*$!
{
	archiveVersion = 1;
	classes = {
	};
	objectVersion = 51;
	objects = {

/* Begin PBXBuildFile section */
		113FE2A7FE921CF480505314 /* Pods_RxSwiftPractice.framework in Frameworks */ = {isa = PBXBuildFile; fileRef = C35F765CC269449ED6AEFBCD /* Pods_RxSwiftPractice.framework */; };
		3759C95AE783B61EA0A5053B /* Pods_RxSwiftPracticeTests.framework in Frameworks */ = {isa = PBXBuildFile; fileRef = B7F4F37AE92437543DC3C397 /* Pods_RxSwiftPracticeTests.framework */; };
		D3D16BBA35E8A0D1A76C93D1 /* Pods_RxSwiftPractice_RxSwiftPracticeUITests.framework in Frameworks */ = {isa = PBXBuildFile; fileRef = 188705F93989324DE6FBB0E4 /* Pods_RxSwiftPractice_RxSwiftPracticeUITests.framework */; };
		EAC1AE2625BFDCC300B5F5C7 /* AppDelegate.swift in Sources */ = {isa = PBXBuildFile; fileRef = EAC1AE2525BFDCC300B5F5C7 /* AppDelegate.swift */; };
		EAC1AE2825BFDCC300B5F5C7 /* SceneDelegate.swift in Sources */ = {isa = PBXBuildFile; fileRef = EAC1AE2725BFDCC300B5F5C7 /* SceneDelegate.swift */; };
		EAC1AE2A25BFDCC300B5F5C7 /* ViewController.swift in Sources */ = {isa = PBXBuildFile; fileRef = EAC1AE2925BFDCC300B5F5C7 /* ViewController.swift */; };
		EAC1AE2D25BFDCC300B5F5C7 /* Main.storyboard in Resources */ = {isa = PBXBuildFile; fileRef = EAC1AE2B25BFDCC300B5F5C7 /* Main.storyboard */; };
		EAC1AE2F25BFDCCF00B5F5C7 /* Assets.xcassets in Resources */ = {isa = PBXBuildFile; fileRef = EAC1AE2E25BFDCCF00B5F5C7 /* Assets.xcassets */; };
		EAC1AE3225BFDCCF00B5F5C7 /* LaunchScreen.storyboard in Resources */ = {isa = PBXBuildFile; fileRef = EAC1AE3025BFDCCF00B5F5C7 /* LaunchScreen.storyboard */; };
		EAC1AE3D25BFDCCF00B5F5C7 /* RxSwiftPracticeTests.swift in Sources */ = {isa = PBXBuildFile; fileRef = EAC1AE3C25BFDCCF00B5F5C7 /* RxSwiftPracticeTests.swift */; };
		EAC1AE4825BFDCCF00B5F5C7 /* RxSwiftPracticeUITests.swift in Sources */ = {isa = PBXBuildFile; fileRef = EAC1AE4725BFDCCF00B5F5C7 /* RxSwiftPracticeUITests.swift */; };
/* End PBXBuildFile section */

/* Begin PBXContainerItemProxy section */
		EAC1AE3925BFDCCF00B5F5C7 /* PBXContainerItemProxy */ = {
			isa = PBXContainerItemProxy;
			containerPortal = EAC1AE1A25BFDCC300B5F5C7 /* Project object */;
			proxyType = 1;
			remoteGlobalIDString = EAC1AE2125BFDCC300B5F5C7;
			remoteInfo = RxSwiftPractice;
		};
		EAC1AE4425BFDCCF00B5F5C7 /* PBXContainerItemProxy */ = {
			isa = PBXContainerItemProxy;
			containerPortal = EAC1AE1A25BFDCC300B5F5C7 /* Project object */;
			proxyType = 1;
			remoteGlobalIDString = EAC1AE2125BFDCC300B5F5C7;
			remoteInfo = RxSwiftPractice;
		};
/* End PBXContainerItemProxy section */

/* Begin PBXFileReference section */
		188705F93989324DE6FBB0E4 /* Pods_RxSwiftPractice_RxSwiftPracticeUITests.framework */ = {isa = PBXFileReference; explicitFileType = wrapper.framework; includeInIndex = 0; path = Pods_RxSwiftPractice_RxSwiftPracticeUITests.framework; sourceTree = BUILT_PRODUCTS_DIR; };
		38486AAD7C1BF440EB9F266E /* Pods-RxSwiftPracticeTests.debug.xcconfig */ = {isa = PBXFileReference; includeInIndex = 1; lastKnownFileType = text.xcconfig; name = "Pods-RxSwiftPracticeTests.debug.xcconfig"; path = "Target Support Files/Pods-RxSwiftPracticeTests/Pods-RxSwiftPracticeTests.debug.xcconfig"; sourceTree = "<group>"; };
		3C758EA8F77643AE7CD065EE /* Pods-RxSwiftPractice.debug.xcconfig */ = {isa = PBXFileReference; includeInIndex = 1; lastKnownFileType = text.xcconfig; name = "Pods-RxSwiftPractice.debug.xcconfig"; path = "Target Support Files/Pods-RxSwiftPractice/Pods-RxSwiftPractice.debug.xcconfig"; sourceTree = "<group>"; };
		3D429F6FB169833E2A77E04F /* Pods-RxSwiftPractice-RxSwiftPracticeUITests.release.xcconfig */ = {isa = PBXFileReference; includeInIndex = 1; lastKnownFileType = text.xcconfig; name = "Pods-RxSwiftPractice-RxSwiftPracticeUITests.release.xcconfig"; path = "Target Support Files/Pods-RxSwiftPractice-RxSwiftPracticeUITests/Pods-RxSwiftPractice-RxSwiftPracticeUITests.release.xcconfig"; sourceTree = "<group>"; };
		6F6E857954C01E5075EAE270 /* Pods-RxSwiftPracticeTests.release.xcconfig */ = {isa = PBXFileReference; includeInIndex = 1; lastKnownFileType = text.xcconfig; name = "Pods-RxSwiftPracticeTests.release.xcconfig"; path = "Target Support Files/Pods-RxSwiftPracticeTests/Pods-RxSwiftPracticeTests.release.xcconfig"; sourceTree = "<group>"; };
		ADE3DB3AD22F0ABDBA16FA4B /* Pods-RxSwiftPractice-RxSwiftPracticeUITests.debug.xcconfig */ = {isa = PBXFileReference; includeInIndex = 1; lastKnownFileType = text.xcconfig; name = "Pods-RxSwiftPractice-RxSwiftPracticeUITests.debug.xcconfig"; path = "Target Support Files/Pods-RxSwiftPractice-RxSwiftPracticeUITests/Pods-RxSwiftPractice-RxSwiftPracticeUITests.debug.xcconfig"; sourceTree = "<group>"; };
		B7F4F37AE92437543DC3C397 /* Pods_RxSwiftPracticeTests.framework */ = {isa = PBXFileReference; explicitFileType = wrapper.framework; includeInIndex = 0; path = Pods_RxSwiftPracticeTests.framework; sourceTree = BUILT_PRODUCTS_DIR; };
		C35F765CC269449ED6AEFBCD /* Pods_RxSwiftPractice.framework */ = {isa = PBXFileReference; explicitFileType = wrapper.framework; includeInIndex = 0; path = Pods_RxSwiftPractice.framework; sourceTree = BUILT_PRODUCTS_DIR; };
		EAC1AE2225BFDCC300B5F5C7 /* RxSwiftPractice.app */ = {isa = PBXFileReference; explicitFileType = wrapper.application; includeInIndex = 0; path = RxSwiftPractice.app; sourceTree = BUILT_PRODUCTS_DIR; };
		EAC1AE2525BFDCC300B5F5C7 /* AppDelegate.swift */ = {isa = PBXFileReference; lastKnownFileType = sourcecode.swift; path = AppDelegate.swift; sourceTree = "<group>"; };
		EAC1AE2725BFDCC300B5F5C7 /* SceneDelegate.swift */ = {isa = PBXFileReference; lastKnownFileType = sourcecode.swift; path = SceneDelegate.swift; sourceTree = "<group>"; };
		EAC1AE2925BFDCC300B5F5C7 /* ViewController.swift */ = {isa = PBXFileReference; lastKnownFileType = sourcecode.swift; path = ViewController.swift; sourceTree = "<group>"; };
		EAC1AE2C25BFDCC300B5F5C7 /* Base */ = {isa = PBXFileReference; lastKnownFileType = file.storyboard; name = Base; path = Base.lproj/Main.storyboard; sourceTree = "<group>"; };
		EAC1AE2E25BFDCCF00B5F5C7 /* Assets.xcassets */ = {isa = PBXFileReference; lastKnownFileType = folder.assetcatalog; path = Assets.xcassets; sourceTree = "<group>"; };
		EAC1AE3125BFDCCF00B5F5C7 /* Base */ = {isa = PBXFileReference; lastKnownFileType = file.storyboard; name = Base; path = Base.lproj/LaunchScreen.storyboard; sourceTree = "<group>"; };
		EAC1AE3325BFDCCF00B5F5C7 /* Info.plist */ = {isa = PBXFileReference; lastKnownFileType = text.plist.xml; path = Info.plist; sourceTree = "<group>"; };
		EAC1AE3825BFDCCF00B5F5C7 /* RxSwiftPracticeTests.xctest */ = {isa = PBXFileReference; explicitFileType = wrapper.cfbundle; includeInIndex = 0; path = RxSwiftPracticeTests.xctest; sourceTree = BUILT_PRODUCTS_DIR; };
		EAC1AE3C25BFDCCF00B5F5C7 /* RxSwiftPracticeTests.swift */ = {isa = PBXFileReference; lastKnownFileType = sourcecode.swift; path = RxSwiftPracticeTests.swift; sourceTree = "<group>"; };
		EAC1AE3E25BFDCCF00B5F5C7 /* Info.plist */ = {isa = PBXFileReference; lastKnownFileType = text.plist.xml; path = Info.plist; sourceTree = "<group>"; };
		EAC1AE4325BFDCCF00B5F5C7 /* RxSwiftPracticeUITests.xctest */ = {isa = PBXFileReference; explicitFileType = wrapper.cfbundle; includeInIndex = 0; path = RxSwiftPracticeUITests.xctest; sourceTree = BUILT_PRODUCTS_DIR; };
		EAC1AE4725BFDCCF00B5F5C7 /* RxSwiftPracticeUITests.swift */ = {isa = PBXFileReference; lastKnownFileType = sourcecode.swift; path = RxSwiftPracticeUITests.swift; sourceTree = "<group>"; };
		EAC1AE4925BFDCCF00B5F5C7 /* Info.plist */ = {isa = PBXFileReference; lastKnownFileType = text.plist.xml; path = Info.plist; sourceTree = "<group>"; };
		EAC1AE6625BFDE4700B5F5C7 /* RxSwiftPractice.playground */ = {isa = PBXFileReference; lastKnownFileType = file.playground; path = RxSwiftPractice.playground; sourceTree = "<group>"; xcLanguageSpecificationIdentifier = xcode.lang.swift; };
		EAC1AE7225BFF8C000B5F5C7 /* Subjects.playground */ = {isa = PBXFileReference; lastKnownFileType = file.playground; path = Subjects.playground; sourceTree = "<group>"; xcLanguageSpecificationIdentifier = xcode.lang.swift; };
		F4CD0AA7E75F9DD80A8F9A01 /* Pods-RxSwiftPractice.release.xcconfig */ = {isa = PBXFileReference; includeInIndex = 1; lastKnownFileType = text.xcconfig; name = "Pods-RxSwiftPractice.release.xcconfig"; path = "Target Support Files/Pods-RxSwiftPractice/Pods-RxSwiftPractice.release.xcconfig"; sourceTree = "<group>"; };
/* End PBXFileReference section */

/* Begin PBXFrameworksBuildPhase section */
		EAC1AE1F25BFDCC300B5F5C7 /* Frameworks */ = {
			isa = PBXFrameworksBuildPhase;
			buildActionMask = 2147483647;
			files = (
				113FE2A7FE921CF480505314 /* Pods_RxSwiftPractice.framework in Frameworks */,
			);
			runOnlyForDeploymentPostprocessing = 0;
		};
		EAC1AE3525BFDCCF00B5F5C7 /* Frameworks */ = {
			isa = PBXFrameworksBuildPhase;
			buildActionMask = 2147483647;
			files = (
				3759C95AE783B61EA0A5053B /* Pods_RxSwiftPracticeTests.framework in Frameworks */,
			);
			runOnlyForDeploymentPostprocessing = 0;
		};
		EAC1AE4025BFDCCF00B5F5C7 /* Frameworks */ = {
			isa = PBXFrameworksBuildPhase;
			buildActionMask = 2147483647;
			files = (
				D3D16BBA35E8A0D1A76C93D1 /* Pods_RxSwiftPractice_RxSwiftPracticeUITests.framework in Frameworks */,
			);
			runOnlyForDeploymentPostprocessing = 0;
		};
/* End PBXFrameworksBuildPhase section */

/* Begin PBXGroup section */
		0382A661532B6C8A838421E2 /* Pods */ = {
			isa = PBXGroup;
			children = (
				3C758EA8F77643AE7CD065EE /* Pods-RxSwiftPractice.debug.xcconfig */,
				F4CD0AA7E75F9DD80A8F9A01 /* Pods-RxSwiftPractice.release.xcconfig */,
				ADE3DB3AD22F0ABDBA16FA4B /* Pods-RxSwiftPractice-RxSwiftPracticeUITests.debug.xcconfig */,
				3D429F6FB169833E2A77E04F /* Pods-RxSwiftPractice-RxSwiftPracticeUITests.release.xcconfig */,
				38486AAD7C1BF440EB9F266E /* Pods-RxSwiftPracticeTests.debug.xcconfig */,
				6F6E857954C01E5075EAE270 /* Pods-RxSwiftPracticeTests.release.xcconfig */,
			);
			path = Pods;
			sourceTree = "<group>";
		};
		4BDF5D46F6B6A46226CFB951 /* Frameworks */ = {
			isa = PBXGroup;
			children = (
				C35F765CC269449ED6AEFBCD /* Pods_RxSwiftPractice.framework */,
				188705F93989324DE6FBB0E4 /* Pods_RxSwiftPractice_RxSwiftPracticeUITests.framework */,
				B7F4F37AE92437543DC3C397 /* Pods_RxSwiftPracticeTests.framework */,
			);
			name = Frameworks;
			sourceTree = "<group>";
		};
		EAC1AE1925BFDCC300B5F5C7 = {
			isa = PBXGroup;
			children = (
				EAC1AE7225BFF8C000B5F5C7 /* Subjects.playground */,
				EAC1AE6625BFDE4700B5F5C7 /* RxSwiftPractice.playground */,
				EAC1AE2425BFDCC300B5F5C7 /* RxSwiftPractice */,
				EAC1AE3B25BFDCCF00B5F5C7 /* RxSwiftPracticeTests */,
				EAC1AE4625BFDCCF00B5F5C7 /* RxSwiftPracticeUITests */,
				EAC1AE2325BFDCC300B5F5C7 /* Products */,
				0382A661532B6C8A838421E2 /* Pods */,
				4BDF5D46F6B6A46226CFB951 /* Frameworks */,
			);
			sourceTree = "<group>";
		};
		EAC1AE2325BFDCC300B5F5C7 /* Products */ = {
			isa = PBXGroup;
			children = (
				EAC1AE2225BFDCC300B5F5C7 /* RxSwiftPractice.app */,
				EAC1AE3825BFDCCF00B5F5C7 /* RxSwiftPracticeTests.xctest */,
				EAC1AE4325BFDCCF00B5F5C7 /* RxSwiftPracticeUITests.xctest */,
			);
			name = Products;
			sourceTree = "<group>";
		};
		EAC1AE2425BFDCC300B5F5C7 /* RxSwiftPractice */ = {
			isa = PBXGroup;
			children = (
				EAC1AE2525BFDCC300B5F5C7 /* AppDelegate.swift */,
				EAC1AE2725BFDCC300B5F5C7 /* SceneDelegate.swift */,
				EAC1AE2925BFDCC300B5F5C7 /* ViewController.swift */,
				EAC1AE2B25BFDCC300B5F5C7 /* Main.storyboard */,
				EAC1AE2E25BFDCCF00B5F5C7 /* Assets.xcassets */,
				EAC1AE3025BFDCCF00B5F5C7 /* LaunchScreen.storyboard */,
				EAC1AE3325BFDCCF00B5F5C7 /* Info.plist */,
			);
			path = RxSwiftPractice;
			sourceTree = "<group>";
		};
		EAC1AE3B25BFDCCF00B5F5C7 /* RxSwiftPracticeTests */ = {
			isa = PBXGroup;
			children = (
				EAC1AE3C25BFDCCF00B5F5C7 /* RxSwiftPracticeTests.swift */,
				EAC1AE3E25BFDCCF00B5F5C7 /* Info.plist */,
			);
			path = RxSwiftPracticeTests;
			sourceTree = "<group>";
		};
		EAC1AE4625BFDCCF00B5F5C7 /* RxSwiftPracticeUITests */ = {
			isa = PBXGroup;
			children = (
				EAC1AE4725BFDCCF00B5F5C7 /* RxSwiftPracticeUITests.swift */,
				EAC1AE4925BFDCCF00B5F5C7 /* Info.plist */,
			);
			path = RxSwiftPracticeUITests;
			sourceTree = "<group>";
		};
/* End PBXGroup section */

/* Begin PBXNativeTarget section */
		EAC1AE2125BFDCC300B5F5C7 /* RxSwiftPractice */ = {
			isa = PBXNativeTarget;
			buildConfigurationList = EAC1AE4C25BFDCCF00B5F5C7 /* Build configuration list for PBXNativeTarget "RxSwiftPractice" */;
			buildPhases = (
				572D3680E579C6AE9F54B50A /* [CP] Check Pods Manifest.lock */,
				EAC1AE1E25BFDCC300B5F5C7 /* Sources */,
				EAC1AE1F25BFDCC300B5F5C7 /* Frameworks */,
				EAC1AE2025BFDCC300B5F5C7 /* Resources */,
				ADD9C59CB912CF74DD78AF49 /* [CP] Embed Pods Frameworks */,
			);
			buildRules = (
			);
			dependencies = (
			);
			name = RxSwiftPractice;
			productName = RxSwiftPractice;
			productReference = EAC1AE2225BFDCC300B5F5C7 /* RxSwiftPractice.app */;
			productType = "com.apple.product-type.application";
		};
		EAC1AE3725BFDCCF00B5F5C7 /* RxSwiftPracticeTests */ = {
			isa = PBXNativeTarget;
			buildConfigurationList = EAC1AE4F25BFDCCF00B5F5C7 /* Build configuration list for PBXNativeTarget "RxSwiftPracticeTests" */;
			buildPhases = (
				5C119423D056A5BB5FA9C600 /* [CP] Check Pods Manifest.lock */,
				EAC1AE3425BFDCCF00B5F5C7 /* Sources */,
				EAC1AE3525BFDCCF00B5F5C7 /* Frameworks */,
				EAC1AE3625BFDCCF00B5F5C7 /* Resources */,
				2079D80DD1DF6CAE1E6CB31E /* [CP] Embed Pods Frameworks */,
			);
			buildRules = (
			);
			dependencies = (
				EAC1AE3A25BFDCCF00B5F5C7 /* PBXTargetDependency */,
			);
			name = RxSwiftPracticeTests;
			productName = RxSwiftPracticeTests;
			productReference = EAC1AE3825BFDCCF00B5F5C7 /* RxSwiftPracticeTests.xctest */;
			productType = "com.apple.product-type.bundle.unit-test";
		};
		EAC1AE4225BFDCCF00B5F5C7 /* RxSwiftPracticeUITests */ = {
			isa = PBXNativeTarget;
			buildConfigurationList = EAC1AE5225BFDCCF00B5F5C7 /* Build configuration list for PBXNativeTarget "RxSwiftPracticeUITests" */;
			buildPhases = (
				8C368E736DC5E74386833C94 /* [CP] Check Pods Manifest.lock */,
				EAC1AE3F25BFDCCF00B5F5C7 /* Sources */,
				EAC1AE4025BFDCCF00B5F5C7 /* Frameworks */,
				EAC1AE4125BFDCCF00B5F5C7 /* Resources */,
				E75D9365465D55E08D475A89 /* [CP] Embed Pods Frameworks */,
			);
			buildRules = (
			);
			dependencies = (
				EAC1AE4525BFDCCF00B5F5C7 /* PBXTargetDependency */,
			);
			name = RxSwiftPracticeUITests;
			productName = RxSwiftPracticeUITests;
			productReference = EAC1AE4325BFDCCF00B5F5C7 /* RxSwiftPracticeUITests.xctest */;
			productType = "com.apple.product-type.bundle.ui-testing";
		};
/* End PBXNativeTarget section */

/* Begin PBXProject section */
		EAC1AE1A25BFDCC300B5F5C7 /* Project object */ = {
			isa = PBXProject;
			attributes = {
				LastSwiftUpdateCheck = 1230;
				LastUpgradeCheck = 1230;
				TargetAttributes = {
					EAC1AE2125BFDCC300B5F5C7 = {
						CreatedOnToolsVersion = 12.3;
					};
					EAC1AE3725BFDCCF00B5F5C7 = {
						CreatedOnToolsVersion = 12.3;
						TestTargetID = EAC1AE2125BFDCC300B5F5C7;
					};
					EAC1AE4225BFDCCF00B5F5C7 = {
						CreatedOnToolsVersion = 12.3;
						TestTargetID = EAC1AE2125BFDCC300B5F5C7;
					};
				};
			};
			buildConfigurationList = EAC1AE1D25BFDCC300B5F5C7 /* Build configuration list for PBXProject "RxSwiftPractice" */;
			compatibilityVersion = "Xcode 9.3";
			developmentRegion = en;
			hasScannedForEncodings = 0;
			knownRegions = (
				en,
				Base,
			);
			mainGroup = EAC1AE1925BFDCC300B5F5C7;
			productRefGroup = EAC1AE2325BFDCC300B5F5C7 /* Products */;
			projectDirPath = "";
			projectRoot = "";
			targets = (
				EAC1AE2125BFDCC300B5F5C7 /* RxSwiftPractice */,
				EAC1AE3725BFDCCF00B5F5C7 /* RxSwiftPracticeTests */,
				EAC1AE4225BFDCCF00B5F5C7 /* RxSwiftPracticeUITests */,
			);
		};
/* End PBXProject section */

/* Begin PBXResourcesBuildPhase section */
		EAC1AE2025BFDCC300B5F5C7 /* Resources */ = {
			isa = PBXResourcesBuildPhase;
			buildActionMask = 2147483647;
			files = (
				EAC1AE3225BFDCCF00B5F5C7 /* LaunchScreen.storyboard in Resources */,
				EAC1AE2F25BFDCCF00B5F5C7 /* Assets.xcassets in Resources */,
				EAC1AE2D25BFDCC300B5F5C7 /* Main.storyboard in Resources */,
			);
			runOnlyForDeploymentPostprocessing = 0;
		};
		EAC1AE3625BFDCCF00B5F5C7 /* Resources */ = {
			isa = PBXResourcesBuildPhase;
			buildActionMask = 2147483647;
			files = (
			);
			runOnlyForDeploymentPostprocessing = 0;
		};
		EAC1AE4125BFDCCF00B5F5C7 /* Resources */ = {
			isa = PBXResourcesBuildPhase;
			buildActionMask = 2147483647;
			files = (
			);
			runOnlyForDeploymentPostprocessing = 0;
		};
/* End PBXResourcesBuildPhase section */

/* Begin PBXShellScriptBuildPhase section */
		2079D80DD1DF6CAE1E6CB31E /* [CP] Embed Pods Frameworks */ = {
			isa = PBXShellScriptBuildPhase;
			buildActionMask = 2147483647;
			files = (
			);
			inputFileListPaths = (
				"${PODS_ROOT}/Target Support Files/Pods-RxSwiftPracticeTests/Pods-RxSwiftPracticeTests-frameworks-${CONFIGURATION}-input-files.xcfilelist",
			);
			name = "[CP] Embed Pods Frameworks";
			outputFileListPaths = (
				"${PODS_ROOT}/Target Support Files/Pods-RxSwiftPracticeTests/Pods-RxSwiftPracticeTests-frameworks-${CONFIGURATION}-output-files.xcfilelist",
			);
			runOnlyForDeploymentPostprocessing = 0;
			shellPath = /bin/sh;
			shellScript = "\"${PODS_ROOT}/Target Support Files/Pods-RxSwiftPracticeTests/Pods-RxSwiftPracticeTests-frameworks.sh\"\n";
			showEnvVarsInLog = 0;
		};
		572D3680E579C6AE9F54B50A /* [CP] Check Pods Manifest.lock */ = {
			isa = PBXShellScriptBuildPhase;
			buildActionMask = 2147483647;
			files = (
			);
			inputFileListPaths = (
			);
			inputPaths = (
				"${PODS_PODFILE_DIR_PATH}/Podfile.lock",
				"${PODS_ROOT}/Manifest.lock",
			);
			name = "[CP] Check Pods Manifest.lock";
			outputFileListPaths = (
			);
			outputPaths = (
				"$(DERIVED_FILE_DIR)/Pods-RxSwiftPractice-checkManifestLockResult.txt",
			);
			runOnlyForDeploymentPostprocessing = 0;
			shellPath = /bin/sh;
			shellScript = "diff \"${PODS_PODFILE_DIR_PATH}/Podfile.lock\" \"${PODS_ROOT}/Manifest.lock\" > /dev/null\nif [ $? != 0 ] ; then\n    # print error to STDERR\n    echo \"error: The sandbox is not in sync with the Podfile.lock. Run 'pod install' or update your CocoaPods installation.\" >&2\n    exit 1\nfi\n# This output is used by Xcode 'outputs' to avoid re-running this script phase.\necho \"SUCCESS\" > \"${SCRIPT_OUTPUT_FILE_0}\"\n";
			showEnvVarsInLog = 0;
		};
		5C119423D056A5BB5FA9C600 /* [CP] Check Pods Manifest.lock */ = {
			isa = PBXShellScriptBuildPhase;
			buildActionMask = 2147483647;
			files = (
			);
			inputFileListPaths = (
			);
			inputPaths = (
				"${PODS_PODFILE_DIR_PATH}/Podfile.lock",
				"${PODS_ROOT}/Manifest.lock",
			);
			name = "[CP] Check Pods Manifest.lock";
			outputFileListPaths = (
			);
			outputPaths = (
				"$(DERIVED_FILE_DIR)/Pods-RxSwiftPracticeTests-checkManifestLockResult.txt",
			);
			runOnlyForDeploymentPostprocessing = 0;
			shellPath = /bin/sh;
			shellScript = "diff \"${PODS_PODFILE_DIR_PATH}/Podfile.lock\" \"${PODS_ROOT}/Manifest.lock\" > /dev/null\nif [ $? != 0 ] ; then\n    # print error to STDERR\n    echo \"error: The sandbox is not in sync with the Podfile.lock. Run 'pod install' or update your CocoaPods installation.\" >&2\n    exit 1\nfi\n# This output is used by Xcode 'outputs' to avoid re-running this script phase.\necho \"SUCCESS\" > \"${SCRIPT_OUTPUT_FILE_0}\"\n";
			showEnvVarsInLog = 0;
		};
		8C368E736DC5E74386833C94 /* [CP] Check Pods Manifest.lock */ = {
			isa = PBXShellScriptBuildPhase;
			buildActionMask = 2147483647;
			files = (
			);
			inputFileListPaths = (
			);
			inputPaths = (
				"${PODS_PODFILE_DIR_PATH}/Podfile.lock",
				"${PODS_ROOT}/Manifest.lock",
			);
			name = "[CP] Check Pods Manifest.lock";
			outputFileListPaths = (
			);
			outputPaths = (
				"$(DERIVED_FILE_DIR)/Pods-RxSwiftPractice-RxSwiftPracticeUITests-checkManifestLockResult.txt",
			);
			runOnlyForDeploymentPostprocessing = 0;
			shellPath = /bin/sh;
			shellScript = "diff \"${PODS_PODFILE_DIR_PATH}/Podfile.lock\" \"${PODS_ROOT}/Manifest.lock\" > /dev/null\nif [ $? != 0 ] ; then\n    # print error to STDERR\n    echo \"error: The sandbox is not in sync with the Podfile.lock. Run 'pod install' or update your CocoaPods installation.\" >&2\n    exit 1\nfi\n# This output is used by Xcode 'outputs' to avoid re-running this script phase.\necho \"SUCCESS\" > \"${SCRIPT_OUTPUT_FILE_0}\"\n";
			showEnvVarsInLog = 0;
		};
		ADD9C59CB912CF74DD78AF49 /* [CP] Embed Pods Frameworks */ = {
			isa = PBXShellScriptBuildPhase;
			buildActionMask = 2147483647;
			files = (
			);
			inputFileListPaths = (
				"${PODS_ROOT}/Target Support Files/Pods-RxSwiftPractice/Pods-RxSwiftPractice-frameworks-${CONFIGURATION}-input-files.xcfilelist",
			);
			name = "[CP] Embed Pods Frameworks";
			outputFileListPaths = (
				"${PODS_ROOT}/Target Support Files/Pods-RxSwiftPractice/Pods-RxSwiftPractice-frameworks-${CONFIGURATION}-output-files.xcfilelist",
			);
			runOnlyForDeploymentPostprocessing = 0;
			shellPath = /bin/sh;
			shellScript = "\"${PODS_ROOT}/Target Support Files/Pods-RxSwiftPractice/Pods-RxSwiftPractice-frameworks.sh\"\n";
			showEnvVarsInLog = 0;
		};
		E75D9365465D55E08D475A89 /* [CP] Embed Pods Frameworks */ = {
			isa = PBXShellScriptBuildPhase;
			buildActionMask = 2147483647;
			files = (
			);
			inputFileListPaths = (
				"${PODS_ROOT}/Target Support Files/Pods-RxSwiftPractice-RxSwiftPracticeUITests/Pods-RxSwiftPractice-RxSwiftPracticeUITests-frameworks-${CONFIGURATION}-input-files.xcfilelist",
			);
			name = "[CP] Embed Pods Frameworks";
			outputFileListPaths = (
				"${PODS_ROOT}/Target Support Files/Pods-RxSwiftPractice-RxSwiftPracticeUITests/Pods-RxSwiftPractice-RxSwiftPracticeUITests-frameworks-${CONFIGURATION}-output-files.xcfilelist",
			);
			runOnlyForDeploymentPostprocessing = 0;
			shellPath = /bin/sh;
			shellScript = "\"${PODS_ROOT}/Target Support Files/Pods-RxSwiftPractice-RxSwiftPracticeUITests/Pods-RxSwiftPractice-RxSwiftPracticeUITests-frameworks.sh\"\n";
			showEnvVarsInLog = 0;
		};
/* End PBXShellScriptBuildPhase section */

/* Begin PBXSourcesBuildPhase section */
		EAC1AE1E25BFDCC300B5F5C7 /* Sources */ = {
			isa = PBXSourcesBuildPhase;
			buildActionMask = 2147483647;
			files = (
				EAC1AE2A25BFDCC300B5F5C7 /* ViewController.swift in Sources */,
				EAC1AE2625BFDCC300B5F5C7 /* AppDelegate.swift in Sources */,
				EAC1AE2825BFDCC300B5F5C7 /* SceneDelegate.swift in Sources */,
			);
			runOnlyForDeploymentPostprocessing = 0;
		};
		EAC1AE3425BFDCCF00B5F5C7 /* Sources */ = {
			isa = PBXSourcesBuildPhase;
			buildActionMask = 2147483647;
			files = (
				EAC1AE3D25BFDCCF00B5F5C7 /* RxSwiftPracticeTests.swift in Sources */,
			);
			runOnlyForDeploymentPostprocessing = 0;
		};
		EAC1AE3F25BFDCCF00B5F5C7 /* Sources */ = {
			isa = PBXSourcesBuildPhase;
			buildActionMask = 2147483647;
			files = (
				EAC1AE4825BFDCCF00B5F5C7 /* RxSwiftPracticeUITests.swift in Sources */,
			);
			runOnlyForDeploymentPostprocessing = 0;
		};
/* End PBXSourcesBuildPhase section */

/* Begin PBXTargetDependency section */
		EAC1AE3A25BFDCCF00B5F5C7 /* PBXTargetDependency */ = {
			isa = PBXTargetDependency;
			target = EAC1AE2125BFDCC300B5F5C7 /* RxSwiftPractice */;
			targetProxy = EAC1AE3925BFDCCF00B5F5C7 /* PBXContainerItemProxy */;
		};
		EAC1AE4525BFDCCF00B5F5C7 /* PBXTargetDependency */ = {
			isa = PBXTargetDependency;
			target = EAC1AE2125BFDCC300B5F5C7 /* RxSwiftPractice */;
			targetProxy = EAC1AE4425BFDCCF00B5F5C7 /* PBXContainerItemProxy */;
		};
/* End PBXTargetDependency section */

/* Begin PBXVariantGroup section */
		EAC1AE2B25BFDCC300B5F5C7 /* Main.storyboard */ = {
			isa = PBXVariantGroup;
			children = (
				EAC1AE2C25BFDCC300B5F5C7 /* Base */,
			);
			name = Main.storyboard;
			sourceTree = "<group>";
		};
		EAC1AE3025BFDCCF00B5F5C7 /* LaunchScreen.storyboard */ = {
			isa = PBXVariantGroup;
			children = (
				EAC1AE3125BFDCCF00B5F5C7 /* Base */,
			);
			name = LaunchScreen.storyboard;
			sourceTree = "<group>";
		};
/* End PBXVariantGroup section */

/* Begin XCBuildConfiguration section */
		EAC1AE4A25BFDCCF00B5F5C7 /* Debug */ = {
			isa = XCBuildConfiguration;
			buildSettings = {
				ALWAYS_SEARCH_USER_PATHS = NO;
				CLANG_ANALYZER_NONNULL = YES;
				CLANG_ANALYZER_NUMBER_OBJECT_CONVERSION = YES_AGGRESSIVE;
				CLANG_CXX_LANGUAGE_STANDARD = "gnu++14";
				CLANG_CXX_LIBRARY = "libc++";
				CLANG_ENABLE_MODULES = YES;
				CLANG_ENABLE_OBJC_ARC = YES;
				CLANG_ENABLE_OBJC_WEAK = YES;
				CLANG_WARN_BLOCK_CAPTURE_AUTORELEASING = YES;
				CLANG_WARN_BOOL_CONVERSION = YES;
				CLANG_WARN_COMMA = YES;
				CLANG_WARN_CONSTANT_CONVERSION = YES;
				CLANG_WARN_DEPRECATED_OBJC_IMPLEMENTATIONS = YES;
				CLANG_WARN_DIRECT_OBJC_ISA_USAGE = YES_ERROR;
				CLANG_WARN_DOCUMENTATION_COMMENTS = YES;
				CLANG_WARN_EMPTY_BODY = YES;
				CLANG_WARN_ENUM_CONVERSION = YES;
				CLANG_WARN_INFINITE_RECURSION = YES;
				CLANG_WARN_INT_CONVERSION = YES;
				CLANG_WARN_NON_LITERAL_NULL_CONVERSION = YES;
				CLANG_WARN_OBJC_IMPLICIT_RETAIN_SELF = YES;
				CLANG_WARN_OBJC_LITERAL_CONVERSION = YES;
				CLANG_WARN_OBJC_ROOT_CLASS = YES_ERROR;
				CLANG_WARN_QUOTED_INCLUDE_IN_FRAMEWORK_HEADER = YES;
				CLANG_WARN_RANGE_LOOP_ANALYSIS = YES;
				CLANG_WARN_STRICT_PROTOTYPES = YES;
				CLANG_WARN_SUSPICIOUS_MOVE = YES;
				CLANG_WARN_UNGUARDED_AVAILABILITY = YES_AGGRESSIVE;
				CLANG_WARN_UNREACHABLE_CODE = YES;
				CLANG_WARN__DUPLICATE_METHOD_MATCH = YES;
				COPY_PHASE_STRIP = NO;
				DEBUG_INFORMATION_FORMAT = dwarf;
				ENABLE_STRICT_OBJC_MSGSEND = YES;
				ENABLE_TESTABILITY = YES;
				GCC_C_LANGUAGE_STANDARD = gnu11;
				GCC_DYNAMIC_NO_PIC = NO;
				GCC_NO_COMMON_BLOCKS = YES;
				GCC_OPTIMIZATION_LEVEL = 0;
				GCC_PREPROCESSOR_DEFINITIONS = (
					"DEBUG=1",
					"$(inherited)",
				);
				GCC_WARN_64_TO_32_BIT_CONVERSION = YES;
				GCC_WARN_ABOUT_RETURN_TYPE = YES_ERROR;
				GCC_WARN_UNDECLARED_SELECTOR = YES;
				GCC_WARN_UNINITIALIZED_AUTOS = YES_AGGRESSIVE;
				GCC_WARN_UNUSED_FUNCTION = YES;
				GCC_WARN_UNUSED_VARIABLE = YES;
				IPHONEOS_DEPLOYMENT_TARGET = 14.3;
				MTL_ENABLE_DEBUG_INFO = INCLUDE_SOURCE;
				MTL_FAST_MATH = YES;
				ONLY_ACTIVE_ARCH = YES;
				SDKROOT = iphoneos;
				SWIFT_ACTIVE_COMPILATION_CONDITIONS = DEBUG;
				SWIFT_OPTIMIZATION_LEVEL = "-Onone";
			};
			name = Debug;
		};
		EAC1AE4B25BFDCCF00B5F5C7 /* Release */ = {
			isa = XCBuildConfiguration;
			buildSettings = {
				ALWAYS_SEARCH_USER_PATHS = NO;
				CLANG_ANALYZER_NONNULL = YES;
				CLANG_ANALYZER_NUMBER_OBJECT_CONVERSION = YES_AGGRESSIVE;
				CLANG_CXX_LANGUAGE_STANDARD = "gnu++14";
				CLANG_CXX_LIBRARY = "libc++";
				CLANG_ENABLE_MODULES = YES;
				CLANG_ENABLE_OBJC_ARC = YES;
				CLANG_ENABLE_OBJC_WEAK = YES;
				CLANG_WARN_BLOCK_CAPTURE_AUTORELEASING = YES;
				CLANG_WARN_BOOL_CONVERSION = YES;
				CLANG_WARN_COMMA = YES;
				CLANG_WARN_CONSTANT_CONVERSION = YES;
				CLANG_WARN_DEPRECATED_OBJC_IMPLEMENTATIONS = YES;
				CLANG_WARN_DIRECT_OBJC_ISA_USAGE = YES_ERROR;
				CLANG_WARN_DOCUMENTATION_COMMENTS = YES;
				CLANG_WARN_EMPTY_BODY = YES;
				CLANG_WARN_ENUM_CONVERSION = YES;
				CLANG_WARN_INFINITE_RECURSION = YES;
				CLANG_WARN_INT_CONVERSION = YES;
				CLANG_WARN_NON_LITERAL_NULL_CONVERSION = YES;
				CLANG_WARN_OBJC_IMPLICIT_RETAIN_SELF = YES;
				CLANG_WARN_OBJC_LITERAL_CONVERSION = YES;
				CLANG_WARN_OBJC_ROOT_CLASS = YES_ERROR;
				CLANG_WARN_QUOTED_INCLUDE_IN_FRAMEWORK_HEADER = YES;
				CLANG_WARN_RANGE_LOOP_ANALYSIS = YES;
				CLANG_WARN_STRICT_PROTOTYPES = YES;
				CLANG_WARN_SUSPICIOUS_MOVE = YES;
				CLANG_WARN_UNGUARDED_AVAILABILITY = YES_AGGRESSIVE;
				CLANG_WARN_UNREACHABLE_CODE = YES;
				CLANG_WARN__DUPLICATE_METHOD_MATCH = YES;
				COPY_PHASE_STRIP = NO;
				DEBUG_INFORMATION_FORMAT = "dwarf-with-dsym";
				ENABLE_NS_ASSERTIONS = NO;
				ENABLE_STRICT_OBJC_MSGSEND = YES;
				GCC_C_LANGUAGE_STANDARD = gnu11;
				GCC_NO_COMMON_BLOCKS = YES;
				GCC_WARN_64_TO_32_BIT_CONVERSION = YES;
				GCC_WARN_ABOUT_RETURN_TYPE = YES_ERROR;
				GCC_WARN_UNDECLARED_SELECTOR = YES;
				GCC_WARN_UNINITIALIZED_AUTOS = YES_AGGRESSIVE;
				GCC_WARN_UNUSED_FUNCTION = YES;
				GCC_WARN_UNUSED_VARIABLE = YES;
				IPHONEOS_DEPLOYMENT_TARGET = 14.3;
				MTL_ENABLE_DEBUG_INFO = NO;
				MTL_FAST_MATH = YES;
				SDKROOT = iphoneos;
				SWIFT_COMPILATION_MODE = wholemodule;
				SWIFT_OPTIMIZATION_LEVEL = "-O";
				VALIDATE_PRODUCT = YES;
			};
			name = Release;
		};
		EAC1AE4D25BFDCCF00B5F5C7 /* Debug */ = {
			isa = XCBuildConfiguration;
			baseConfigurationReference = 3C758EA8F77643AE7CD065EE /* Pods-RxSwiftPractice.debug.xcconfig */;
			buildSettings = {
				ASSETCATALOG_COMPILER_APPICON_NAME = AppIcon;
				ASSETCATALOG_COMPILER_GLOBAL_ACCENT_COLOR_NAME = AccentColor;
				CODE_SIGN_STYLE = Automatic;
				DEVELOPMENT_TEAM = U53BLS7M93;
				INFOPLIST_FILE = RxSwiftPractice/Info.plist;
				LD_RUNPATH_SEARCH_PATHS = (
					"$(inherited)",
					"@executable_path/Frameworks",
				);
				PRODUCT_BUNDLE_IDENTIFIER = key.RxSwiftPractice;
				PRODUCT_NAME = "$(TARGET_NAME)";
				SWIFT_VERSION = 5.0;
				TARGETED_DEVICE_FAMILY = "1,2";
			};
			name = Debug;
		};
		EAC1AE4E25BFDCCF00B5F5C7 /* Release */ = {
			isa = XCBuildConfiguration;
			baseConfigurationReference = F4CD0AA7E75F9DD80A8F9A01 /* Pods-RxSwiftPractice.release.xcconfig */;
			buildSettings = {
				ASSETCATALOG_COMPILER_APPICON_NAME = AppIcon;
				ASSETCATALOG_COMPILER_GLOBAL_ACCENT_COLOR_NAME = AccentColor;
				CODE_SIGN_STYLE = Automatic;
				DEVELOPMENT_TEAM = U53BLS7M93;
				INFOPLIST_FILE = RxSwiftPractice/Info.plist;
				LD_RUNPATH_SEARCH_PATHS = (
					"$(inherited)",
					"@executable_path/Frameworks",
				);
				PRODUCT_BUNDLE_IDENTIFIER = key.RxSwiftPractice;
				PRODUCT_NAME = "$(TARGET_NAME)";
				SWIFT_VERSION = 5.0;
				TARGETED_DEVICE_FAMILY = "1,2";
			};
			name = Release;
		};
		EAC1AE5025BFDCCF00B5F5C7 /* Debug */ = {
			isa = XCBuildConfiguration;
			baseConfigurationReference = 38486AAD7C1BF440EB9F266E /* Pods-RxSwiftPracticeTests.debug.xcconfig */;
			buildSettings = {
				ALWAYS_EMBED_SWIFT_STANDARD_LIBRARIES = YES;
				BUNDLE_LOADER = "$(TEST_HOST)";
				CODE_SIGN_STYLE = Automatic;
				DEVELOPMENT_TEAM = U53BLS7M93;
				INFOPLIST_FILE = RxSwiftPracticeTests/Info.plist;
				IPHONEOS_DEPLOYMENT_TARGET = 14.3;
				LD_RUNPATH_SEARCH_PATHS = (
					"$(inherited)",
					"@executable_path/Frameworks",
					"@loader_path/Frameworks",
				);
				PRODUCT_BUNDLE_IDENTIFIER = key.RxSwiftPracticeTests;
				PRODUCT_NAME = "$(TARGET_NAME)";
				SWIFT_VERSION = 5.0;
				TARGETED_DEVICE_FAMILY = "1,2";
				TEST_HOST = "$(BUILT_PRODUCTS_DIR)/RxSwiftPractice.app/RxSwiftPractice";
			};
			name = Debug;
		};
		EAC1AE5125BFDCCF00B5F5C7 /* Release */ = {
			isa = XCBuildConfiguration;
			baseConfigurationReference = 6F6E857954C01E5075EAE270 /* Pods-RxSwiftPracticeTests.release.xcconfig */;
			buildSettings = {
				ALWAYS_EMBED_SWIFT_STANDARD_LIBRARIES = YES;
				BUNDLE_LOADER = "$(TEST_HOST)";
				CODE_SIGN_STYLE = Automatic;
				DEVELOPMENT_TEAM = U53BLS7M93;
				INFOPLIST_FILE = RxSwiftPracticeTests/Info.plist;
				IPHONEOS_DEPLOYMENT_TARGET = 14.3;
				LD_RUNPATH_SEARCH_PATHS = (
					"$(inherited)",
					"@executable_path/Frameworks",
					"@loader_path/Frameworks",
				);
				PRODUCT_BUNDLE_IDENTIFIER = key.RxSwiftPracticeTests;
				PRODUCT_NAME = "$(TARGET_NAME)";
				SWIFT_VERSION = 5.0;
				TARGETED_DEVICE_FAMILY = "1,2";
				TEST_HOST = "$(BUILT_PRODUCTS_DIR)/RxSwiftPractice.app/RxSwiftPractice";
			};
			name = Release;
		};
		EAC1AE5325BFDCCF00B5F5C7 /* Debug */ = {
			isa = XCBuildConfiguration;
			baseConfigurationReference = ADE3DB3AD22F0ABDBA16FA4B /* Pods-RxSwiftPractice-RxSwiftPracticeUITests.debug.xcconfig */;
			buildSettings = {
				ALWAYS_EMBED_SWIFT_STANDARD_LIBRARIES = YES;
				CODE_SIGN_STYLE = Automatic;
				DEVELOPMENT_TEAM = U53BLS7M93;
				INFOPLIST_FILE = RxSwiftPracticeUITests/Info.plist;
				LD_RUNPATH_SEARCH_PATHS = (
					"$(inherited)",
					"@executable_path/Frameworks",
					"@loader_path/Frameworks",
				);
				PRODUCT_BUNDLE_IDENTIFIER = key.RxSwiftPracticeUITests;
				PRODUCT_NAME = "$(TARGET_NAME)";
				SWIFT_VERSION = 5.0;
				TARGETED_DEVICE_FAMILY = "1,2";
				TEST_TARGET_NAME = RxSwiftPractice;
			};
			name = Debug;
		};
		EAC1AE5425BFDCCF00B5F5C7 /* Release */ = {
			isa = XCBuildConfiguration;
			baseConfigurationReference = 3D429F6FB169833E2A77E04F /* Pods-RxSwiftPractice-RxSwiftPracticeUITests.release.xcconfig */;
			buildSettings = {
				ALWAYS_EMBED_SWIFT_STANDARD_LIBRARIES = YES;
				CODE_SIGN_STYLE = Automatic;
				DEVELOPMENT_TEAM = U53BLS7M93;
				INFOPLIST_FILE = RxSwiftPracticeUITests/Info.plist;
				LD_RUNPATH_SEARCH_PATHS = (
					"$(inherited)",
					"@executable_path/Frameworks",
					"@loader_path/Frameworks",
				);
				PRODUCT_BUNDLE_IDENTIFIER = key.RxSwiftPracticeUITests;
				PRODUCT_NAME = "$(TARGET_NAME)";
				SWIFT_VERSION = 5.0;
				TARGETED_DEVICE_FAMILY = "1,2";
				TEST_TARGET_NAME = RxSwiftPractice;
			};
			name = Release;
		};
/* End XCBuildConfiguration section */

/* Begin XCConfigurationList section */
		EAC1AE1D25BFDCC300B5F5C7 /* Build configuration list for PBXProject "RxSwiftPractice" */ = {
			isa = XCConfigurationList;
			buildConfigurations = (
				EAC1AE4A25BFDCCF00B5F5C7 /* Debug */,
				EAC1AE4B25BFDCCF00B5F5C7 /* Release */,
			);
			defaultConfigurationIsVisible = 0;
			defaultConfigurationName = Release;
		};
		EAC1AE4C25BFDCCF00B5F5C7 /* Build configuration list for PBXNativeTarget "RxSwiftPractice" */ = {
			isa = XCConfigurationList;
			buildConfigurations = (
				EAC1AE4D25BFDCCF00B5F5C7 /* Debug */,
				EAC1AE4E25BFDCCF00B5F5C7 /* Release */,
			);
			defaultConfigurationIsVisible = 0;
			defaultConfigurationName = Release;
		};
		EAC1AE4F25BFDCCF00B5F5C7 /* Build configuration list for PBXNativeTarget "RxSwiftPracticeTests" */ = {
			isa = XCConfigurationList;
			buildConfigurations = (
				EAC1AE5025BFDCCF00B5F5C7 /* Debug */,
				EAC1AE5125BFDCCF00B5F5C7 /* Release */,
			);
			defaultConfigurationIsVisible = 0;
			defaultConfigurationName = Release;
		};
		EAC1AE5225BFDCCF00B5F5C7 /* Build configuration list for PBXNativeTarget "RxSwiftPracticeUITests" */ = {
			isa = XCConfigurationList;
			buildConfigurations = (
				EAC1AE5325BFDCCF00B5F5C7 /* Debug */,
				EAC1AE5425BFDCCF00B5F5C7 /* Release */,
			);
			defaultConfigurationIsVisible = 0;
			defaultConfigurationName = Release;
		};
/* End XCConfigurationList section */
	};
	rootObject = EAC1AE1A25BFDCC300B5F5C7 /* Project object */;
}
